{
  "name": "BedrockDeathLog",
  "lockfileVersion": 2,
  "requires": true,
  "packages": {
    "": {
      "dependencies": {
        "@minecraft/server": "^2.8.0-beta.1.26.21-stable",
        "@minecraft/server-ui": "^2.0.0"
      }
    },
    "node_modules/@minecraft/common": {
      "version": "1.2.0",
      "resolved": "https://registry.npmjs.org/@minecraft/common/-/common-1.2.0.tgz",
      "integrity": "sha512-JdmEq4P3Z/FtoBzhLijFgMSVFnFRrUoLwY8DHHrgtFo0mfLTOLTB1RErYjLMsA6b7BGVNxkX/pfFRiH7QZ0XwQ=="
    },
    "node_modules/@minecraft/server": {
      "version": "2.8.0-beta.1.26.21-stable",
      "resolved": "https://registry.npmjs.org/@minecraft/server/-/server-2.8.0-beta.1.26.21-stable.tgz",
      "integrity": "sha512-HdR2EjmleJBBuaXH4iEobdXh7dcuWtV8AIZn2Kd+UkvlBPc4iIPSqXaEt7nqOk0tyhbKfRs/X3aoVtAMHW+kmQ==",
      "license": "MIT",
      "peerDependencies": {
        "@minecraft/common": "^1.2.0",
        "@minecraft/vanilla-data": ">=1.20.70"
      }
    },
    "node_modules/@minecraft/server-ui": {
      "version": "2.0.0",
      "resolved": "https://registry.npmjs.org/@minecraft/server-ui/-/server-ui-2.0.0.tgz",
      "integrity": "sha512-K1xFK1OEJSNfIgyRElaoxDTW/nbEqjBp1YnUdyPCs4kGDglwoXNyFz3wzMOkvT04CJXSifZGcTJeWda4C6OkXw==",
      "license": "MIT",
      "dependencies": {
        "@minecraft/common": "^1.0.0",
        "@minecraft/server": "^2.0.0"
      }
    },
    "node_modules/@minecraft/server-ui/node_modules/@minecraft/server": {
      "version": "2.7.0",
      "resolved": "https://registry.npmjs.org/@minecraft/server/-/server-2.7.0.tgz",
      "integrity": "sha512-2gI80wxSBQ/U6JvGVYVDlbbSOywU8WPy6b5lvfetkWCKU+c//7UdY6dDAU2DkKmR/DzxmPqyy7YAKXwGJduRWQ==",
      "license": "MIT",
      "peerDependencies": {
        "@minecraft/common": "^1.2.0",
        "@minecraft/vanilla-data": ">=1.20.70"
      }
    },
    "node_modules/@minecraft/vanilla-data": {
      "version": "1.21.62",
      "resolved": "https://registry.npmjs.org/@minecraft/vanilla-data/-/vanilla-data-1.21.62.tgz",
      "integrity": "sha512-FXUx5hPkIcLsbIXlBrCw5JPGo1V3RwHE7I1qYjD/Z+HlajRJPHy9UzYwTcei+aRQW5NWR8Zg0vIhP3l2+Q2aMA==",
      "peer": true
    }
  },
  "dependencies": {
    "@minecraft/common": {
      "version": "1.2.0",
      "resolved": "https://registry.npmjs.org/@minecraft/common/-/common-1.2.0.tgz",
      "integrity": "sha512-JdmEq4P3Z/FtoBzhLijFgMSVFnFRrUoLwY8DHHrgtFo0mfLTOLTB1RErYjLMsA6b7BGVNxkX/pfFRiH7QZ0XwQ=="
    },
    "@minecraft/server": {
      "version": "2.8.0-beta.1.26.21-stable",
      "resolved": "https://registry.npmjs.org/@minecraft/server/-/server-2.8.0-beta.1.26.21-stable.tgz",
      "integrity": "sha512-HdR2EjmleJBBuaXH4iEobdXh7dcuWtV8AIZn2Kd+UkvlBPc4iIPSqXaEt7nqOk0tyhbKfRs/X3aoVtAMHW+kmQ==",
      "requires": {}
    },
    "@minecraft/server-ui": {
      "version": "2.0.0",
      "resolved": "https://registry.npmjs.org/@minecraft/server-ui/-/server-ui-2.0.0.tgz",
      "integrity": "sha512-K1xFK1OEJSNfIgyRElaoxDTW/nbEqjBp1YnUdyPCs4kGDglwoXNyFz3wzMOkvT04CJXSifZGcTJeWda4C6OkXw==",
      "requires": {
        "@minecraft/common": "^1.0.0",
        "@minecraft/server": "^2.0.0"
      },
      "dependencies": {
        "@minecraft/server": {
          "version": "2.7.0",
          "resolved": "https://registry.npmjs.org/@minecraft/server/-/server-2.7.0.tgz",
          "integrity": "sha512-2gI80wxSBQ/U6JvGVYVDlbbSOywU8WPy6b5lvfetkWCKU+c//7UdY6dDAU2DkKmR/DzxmPqyy7YAKXwGJduRWQ==",
          "requires": {}
        }
      }
    },
    "@minecraft/vanilla-data": {
      "version": "1.21.62",
      "resolved": "https://registry.npmjs.org/@minecraft/vanilla-data/-/vanilla-data-1.21.62.tgz",
      "integrity": "sha512-FXUx5hPkIcLsbIXlBrCw5JPGo1V3RwHE7I1qYjD/Z+HlajRJPHy9UzYwTcei+aRQW5NWR8Zg0vIhP3l2+Q2aMA==",
      "peer": true
    }
  }
}
